
Microsoft Visual Studio Solution File, Format Version 12.00
Project("{FAE04EC0-301F-11D3-BF4B-00C04F79EFBC}") = "SlimFaas", "src\SlimFaas\SlimFaas.csproj", "{49E9C467-8F38-4D53-B803-0960FC44F690}"
EndProject
Project("{FAE04EC0-301F-11D3-BF4B-00C04F79EFBC}") = "SlimFaas.Tests", "tests\SlimFaas.Tests\SlimFaas.Tests.csproj", "{A9BEA991-B9D5-4526-BD3A-63B8434FAC81}"
EndProject
Project("{FAE04EC0-301F-11D3-BF4B-00C04F79EFBC}") = "Fibonacci", "src\Fibonacci\Fibonacci.csproj", "{8D37956E-F212-4F86-98C1-4B50E1FBCB20}"
EndProject
Project("{FAE04EC0-301F-11D3-BF4B-00C04F79EFBC}") = "SlimData", "src\SlimData\SlimData.csproj", "{4CAF5B5F-0101-4394-838F-4BD225DAD27D}"
EndProject
Project("{FAE04EC0-301F-11D3-BF4B-00C04F79EFBC}") = "SlimData.Tests", "tests\SlimData.Tests\SlimData.Tests.csproj", "{4F9BBB0F-39E6-47F1-A1A0-C5154743081E}"
EndProject
Project("{FAE04EC0-301F-11D3-BF4B-00C04F79EFBC}") = "FibonacciBatch", "src\FibonacciBatch\FibonacciBatch.csproj", "{F52A7A0E-6ED3-4933-91DE-9B2175EEAA83}"
EndProject
Global
	GlobalSection(SolutionConfigurationPlatforms) = preSolution
		Debug|Any CPU = Debug|Any CPU
		Release|Any CPU = Release|Any CPU
	EndGlobalSection
	GlobalSection(ProjectConfigurationPlatforms) = postSolution
		{49E9C467-8F38-4D53-B803-0960FC44F690}.Debug|Any CPU.ActiveCfg = Debug|Any CPU
		{49E9C467-8F38-4D53-B803-0960FC44F690}.Debug|Any CPU.Build.0 = Debug|Any CPU
		{49E9C467-8F38-4D53-B803-0960FC44F690}.Release|Any CPU.ActiveCfg = Release|Any CPU
		{49E9C467-8F38-4D53-B803-0960FC44F690}.Release|Any CPU.Build.0 = Release|Any CPU
		{A9BEA991-B9D5-4526-BD3A-63B8434FAC81}.Debug|Any CPU.ActiveCfg = Debug|Any CPU
		{A9BEA991-B9D5-4526-BD3A-63B8434FAC81}.Debug|Any CPU.Build.0 = Debug|Any CPU
		{A9BEA991-B9D5-4526-BD3A-63B8434FAC81}.Release|Any CPU.ActiveCfg = Release|Any CPU
		{A9BEA991-B9D5-4526-BD3A-63B8434FAC81}.Release|Any CPU.Build.0 = Release|Any CPU
		{8D37956E-F212-4F86-98C1-4B50E1FBCB20}.Debug|Any CPU.ActiveCfg = Debug|Any CPU
		{8D37956E-F212-4F86-98C1-4B50E1FBCB20}.Debug|Any CPU.Build.0 = Debug|Any CPU
		{8D37956E-F212-4F86-98C1-4B50E1FBCB20}.Release|Any CPU.ActiveCfg = Release|Any CPU
		{8D37956E-F212-4F86-98C1-4B50E1FBCB20}.Release|Any CPU.Build.0 = Release|Any CPU
		{4CAF5B5F-0101-4394-838F-4BD225DAD27D}.Debug|Any CPU.ActiveCfg = Debug|Any CPU
		{4CAF5B5F-0101-4394-838F-4BD225DAD27D}.Debug|Any CPU.Build.0 = Debug|Any CPU
		{4CAF5B5F-0101-4394-838F-4BD225DAD27D}.Release|Any CPU.ActiveCfg = Release|Any CPU
		{4CAF5B5F-0101-4394-838F-4BD225DAD27D}.Release|Any CPU.Build.0 = Release|Any CPU
		{4F9BBB0F-39E6-47F1-A1A0-C5154743081E}.Debug|Any CPU.ActiveCfg = Debug|Any CPU
		{4F9BBB0F-39E6-47F1-A1A0-C5154743081E}.Debug|Any CPU.Build.0 = Debug|Any CPU
		{4F9BBB0F-39E6-47F1-A1A0-C5154743081E}.Release|Any CPU.ActiveCfg = Release|Any CPU
		{4F9BBB0F-39E6-47F1-A1A0-C5154743081E}.Release|Any CPU.Build.0 = Release|Any CPU
		{F52A7A0E-6ED3-4933-91DE-9B2175EEAA83}.Debug|Any CPU.ActiveCfg = Debug|Any CPU
		{F52A7A0E-6ED3-4933-91DE-9B2175EEAA83}.Debug|Any CPU.Build.0 = Debug|Any CPU
		{F52A7A0E-6ED3-4933-91DE-9B2175EEAA83}.Release|Any CPU.ActiveCfg = Release|Any CPU
		{F52A7A0E-6ED3-4933-91DE-9B2175EEAA83}.Release|Any CPU.Build.0 = Release|Any CPU
	EndGlobalSection
EndGlobal
